
Microsoft Visual Studio Solution File, Format Version 12.00
# Visual Studio Version 16
VisualStudioVersion = 16.0.30204.135
MinimumVisualStudioVersion = 10.0.40219.1
Project("{FAE04EC0-301F-11D3-BF4B-00C04F79EFBC}") = "MyDataWebSite", "MyDataWebSite.csproj", "{21980B05-2567-440D-8035-9A8641417442}"
EndProject
Global
	GlobalSection(SolutionConfigurationPlatforms) = preSolution
		Debug|Any CPU = Debug|Any CPU
		Release|Any CPU = Release|Any CPU
	EndGlobalSection
	GlobalSection(ProjectConfigurationPlatforms) = postSolution
		{21980B05-2567-440D-8035-9A8641417442}.Debug|Any CPU.ActiveCfg = Debug|Any CPU
		{21980B05-2567-440D-8035-9A8641417442}.Debug|Any CPU.Build.0 = Debug|Any CPU
		{21980B05-2567-440D-8035-9A8641417442}.Release|Any CPU.ActiveCfg = Release|Any CPU
		{21980B05-2567-440D-8035-9A8641417442}.Release|Any CPU.Build.0 = Release|Any CPU
	EndGlobalSection
	GlobalSection(SolutionProperties) = preSolution
		HideSolutionNode = FALSE
	EndGlobalSection
	GlobalSection(ExtensibilityGlobals) = postSolution
		SolutionGuid = {206BC9A1-E084-4B12-B0A6-48979D345417}
	EndGlobalSection
EndGlobal
